
Microsoft Visual Studio Solution File, Format Version 12.00
# Visual Studio Version 17
VisualStudioVersion = 17.0.31903.59
MinimumVisualStudioVersion = 10.0.40219.1
Project("{FAE04EC0-301F-11D3-BF4B-00C04F79EFBC}") = "CQRS.Core", "..\CQRS-ES\CQRS.Core\CQRS.Core.csproj", "{DECD9AE0-413D-49D7-B3AE-FAA899570461}"
EndProject
Project("{2150E333-8FDC-42A3-9474-1A3956D46DE8}") = "Post.Cmd", "Post.Cmd", "{2BDBEB79-3B56-497C-8639-AF62B702E573}"
EndProject
Project("{FAE04EC0-301F-11D3-BF4B-00C04F79EFBC}") = "Post.Cmd.Api", "Post.Cmd\Post.Cmd.Api\Post.Cmd.Api.csproj", "{3C9F90C1-7AF0-4266-9497-7A5F6AA8C7FC}"
EndProject
Project("{FAE04EC0-301F-11D3-BF4B-00C04F79EFBC}") = "Post.Cmd.Domain", "Post.Cmd\Post.Cmd.Domain\Post.Cmd.Domain.csproj", "{DDD337D3-4CB2-4399-9F56-AC25E851D7F4}"
EndProject
Project("{FAE04EC0-301F-11D3-BF4B-00C04F79EFBC}") = "Post.Cmd.Infrastructure", "Post.Cmd\Post.Cmd.Infrastructure\Post.Cmd.Infrastructure.csproj", "{134C68F8-B132-4382-8A1A-CBC436A56F83}"
EndProject
Project("{2150E333-8FDC-42A3-9474-1A3956D46DE8}") = "Post.Query", "Post.Query", "{86FE4E13-23B0-41FD-ABA7-F499C7582ED4}"
EndProject
Project("{FAE04EC0-301F-11D3-BF4B-00C04F79EFBC}") = "Post.Query.Api", "Post.Query\Post.Query.Api\Post.Query.Api.csproj", "{9CF704FD-1789-4435-A19E-83832FFF0328}"
EndProject
Project("{FAE04EC0-301F-11D3-BF4B-00C04F79EFBC}") = "Post.Query.Domain", "Post.Query\Post.Query.Domain\Post.Query.Domain.csproj", "{AFF200EB-2AAB-44D8-A5DC-F5ED5BE1C620}"
EndProject
Project("{FAE04EC0-301F-11D3-BF4B-00C04F79EFBC}") = "Post.Query.Infrastructure", "Post.Query\Post.Query.Infrastructure\Post.Query.Infrastructure.csproj", "{944C6602-AC71-4A97-9A3C-4A63388B1ABF}"
EndProject
Global
	GlobalSection(SolutionConfigurationPlatforms) = preSolution
		Debug|Any CPU = Debug|Any CPU
		Release|Any CPU = Release|Any CPU
	EndGlobalSection
	GlobalSection(SolutionProperties) = preSolution
		HideSolutionNode = FALSE
	EndGlobalSection
	GlobalSection(ProjectConfigurationPlatforms) = postSolution
		{DECD9AE0-413D-49D7-B3AE-FAA899570461}.Debug|Any CPU.ActiveCfg = Debug|Any CPU
		{DECD9AE0-413D-49D7-B3AE-FAA899570461}.Debug|Any CPU.Build.0 = Debug|Any CPU
		{DECD9AE0-413D-49D7-B3AE-FAA899570461}.Release|Any CPU.ActiveCfg = Release|Any CPU
		{DECD9AE0-413D-49D7-B3AE-FAA899570461}.Release|Any CPU.Build.0 = Release|Any CPU
		{3C9F90C1-7AF0-4266-9497-7A5F6AA8C7FC}.Debug|Any CPU.ActiveCfg = Debug|Any CPU
		{3C9F90C1-7AF0-4266-9497-7A5F6AA8C7FC}.Debug|Any CPU.Build.0 = Debug|Any CPU
		{3C9F90C1-7AF0-4266-9497-7A5F6AA8C7FC}.Release|Any CPU.ActiveCfg = Release|Any CPU
		{3C9F90C1-7AF0-4266-9497-7A5F6AA8C7FC}.Release|Any CPU.Build.0 = Release|Any CPU
		{DDD337D3-4CB2-4399-9F56-AC25E851D7F4}.Debug|Any CPU.ActiveCfg = Debug|Any CPU
		{DDD337D3-4CB2-4399-9F56-AC25E851D7F4}.Debug|Any CPU.Build.0 = Debug|Any CPU
		{DDD337D3-4CB2-4399-9F56-AC25E851D7F4}.Release|Any CPU.ActiveCfg = Release|Any CPU
		{DDD337D3-4CB2-4399-9F56-AC25E851D7F4}.Release|Any CPU.Build.0 = Release|Any CPU
		{134C68F8-B132-4382-8A1A-CBC436A56F83}.Debug|Any CPU.ActiveCfg = Debug|Any CPU
		{134C68F8-B132-4382-8A1A-CBC436A56F83}.Debug|Any CPU.Build.0 = Debug|Any CPU
		{134C68F8-B132-4382-8A1A-CBC436A56F83}.Release|Any CPU.ActiveCfg = Release|Any CPU
		{134C68F8-B132-4382-8A1A-CBC436A56F83}.Release|Any CPU.Build.0 = Release|Any CPU
		{9CF704FD-1789-4435-A19E-83832FFF0328}.Debug|Any CPU.ActiveCfg = Debug|Any CPU
		{9CF704FD-1789-4435-A19E-83832FFF0328}.Debug|Any CPU.Build.0 = Debug|Any CPU
		{9CF704FD-1789-4435-A19E-83832FFF0328}.Release|Any CPU.ActiveCfg = Release|Any CPU
		{9CF704FD-1789-4435-A19E-83832FFF0328}.Release|Any CPU.Build.0 = Release|Any CPU
		{AFF200EB-2AAB-44D8-A5DC-F5ED5BE1C620}.Debug|Any CPU.ActiveCfg = Debug|Any CPU
		{AFF200EB-2AAB-44D8-A5DC-F5ED5BE1C620}.Debug|Any CPU.Build.0 = Debug|Any CPU
		{AFF200EB-2AAB-44D8-A5DC-F5ED5BE1C620}.Release|Any CPU.ActiveCfg = Release|Any CPU
		{AFF200EB-2AAB-44D8-A5DC-F5ED5BE1C620}.Release|Any CPU.Build.0 = Release|Any CPU
		{944C6602-AC71-4A97-9A3C-4A63388B1ABF}.Debug|Any CPU.ActiveCfg = Debug|Any CPU
		{944C6602-AC71-4A97-9A3C-4A63388B1ABF}.Debug|Any CPU.Build.0 = Debug|Any CPU
		{944C6602-AC71-4A97-9A3C-4A63388B1ABF}.Release|Any CPU.ActiveCfg = Release|Any CPU
		{944C6602-AC71-4A97-9A3C-4A63388B1ABF}.Release|Any CPU.Build.0 = Release|Any CPU
	EndGlobalSection
	GlobalSection(NestedProjects) = preSolution
		{3C9F90C1-7AF0-4266-9497-7A5F6AA8C7FC} = {2BDBEB79-3B56-497C-8639-AF62B702E573}
		{DDD337D3-4CB2-4399-9F56-AC25E851D7F4} = {2BDBEB79-3B56-497C-8639-AF62B702E573}
		{134C68F8-B132-4382-8A1A-CBC436A56F83} = {2BDBEB79-3B56-497C-8639-AF62B702E573}
		{9CF704FD-1789-4435-A19E-83832FFF0328} = {86FE4E13-23B0-41FD-ABA7-F499C7582ED4}
		{AFF200EB-2AAB-44D8-A5DC-F5ED5BE1C620} = {86FE4E13-23B0-41FD-ABA7-F499C7582ED4}
		{944C6602-AC71-4A97-9A3C-4A63388B1ABF} = {86FE4E13-23B0-41FD-ABA7-F499C7582ED4}
	EndGlobalSection
EndGlobal
